
Microsoft Visual Studio Solution File, Format Version 12.00
# Visual Studio Version 17
VisualStudioVersion = 17.7.34024.191
MinimumVisualStudioVersion = 10.0.40219.1
Project("{FAE04EC0-301F-11D3-BF4B-00C04F79EFBC}") = "EmployeeApp", "EmployeeApp\EmployeeApp.csproj", "{0A215E68-C57A-4C1C-93ED-8821F0A67E28}"
EndProject
Global
	GlobalSection(SolutionConfigurationPlatforms) = preSolution
		Debug|Any CPU = Debug|Any CPU
		Release|Any CPU = Release|Any CPU
	EndGlobalSection
	GlobalSection(ProjectConfigurationPlatforms) = postSolution
		{0A215E68-C57A-4C1C-93ED-8821F0A67E28}.Debug|Any CPU.ActiveCfg = Debug|Any CPU
		{0A215E68-C57A-4C1C-93ED-8821F0A67E28}.Debug|Any CPU.Build.0 = Debug|Any CPU
		{0A215E68-C57A-4C1C-93ED-8821F0A67E28}.Release|Any CPU.ActiveCfg = Release|Any CPU
		{0A215E68-C57A-4C1C-93ED-8821F0A67E28}.Release|Any CPU.Build.0 = Release|Any CPU
	EndGlobalSection
	GlobalSection(SolutionProperties) = preSolution
		HideSolutionNode = FALSE
	EndGlobalSection
	GlobalSection(ExtensibilityGlobals) = postSolution
		SolutionGuid = {04D77871-1931-4247-8396-33975A1C2931}
	EndGlobalSection
EndGlobal
