
Microsoft Visual Studio Solution File, Format Version 12.00
# Visual Studio Version 17
VisualStudioVersion = 17.3.32825.248
MinimumVisualStudioVersion = 10.0.40219.1
Project("{9A19103F-16F7-4668-BE54-9A1E7A4F7556}") = "WebApi", "WebApplication1\WebApi.csproj", "{BB15FD33-289A-4177-90E4-1A769596DE27}"
EndProject
Project("{9A19103F-16F7-4668-BE54-9A1E7A4F7556}") = "Database", "Database\Database.csproj", "{340FC4C6-E728-4A09-9FEE-A8CAF137367D}"
EndProject
Project("{9A19103F-16F7-4668-BE54-9A1E7A4F7556}") = "EntitiesAndModels", "EntitiesAndModels\EntitiesAndModels.csproj", "{9B9992B2-AB61-4FAF-AEC6-FFF4F4E52147}"
EndProject
Project("{FAE04EC0-301F-11D3-BF4B-00C04F79EFBC}") = "BusinessLogic", "BusinessLogic\BusinessLogic.csproj", "{C81A9934-94EF-4132-9146-A2DFB620B31C}"
EndProject
Global
	GlobalSection(SolutionConfigurationPlatforms) = preSolution
		Debug|Any CPU = Debug|Any CPU
		Release|Any CPU = Release|Any CPU
	EndGlobalSection
	GlobalSection(ProjectConfigurationPlatforms) = postSolution
		{BB15FD33-289A-4177-90E4-1A769596DE27}.Debug|Any CPU.ActiveCfg = Debug|Any CPU
		{BB15FD33-289A-4177-90E4-1A769596DE27}.Debug|Any CPU.Build.0 = Debug|Any CPU
		{BB15FD33-289A-4177-90E4-1A769596DE27}.Release|Any CPU.ActiveCfg = Release|Any CPU
		{BB15FD33-289A-4177-90E4-1A769596DE27}.Release|Any CPU.Build.0 = Release|Any CPU
		{340FC4C6-E728-4A09-9FEE-A8CAF137367D}.Debug|Any CPU.ActiveCfg = Debug|Any CPU
		{340FC4C6-E728-4A09-9FEE-A8CAF137367D}.Debug|Any CPU.Build.0 = Debug|Any CPU
		{340FC4C6-E728-4A09-9FEE-A8CAF137367D}.Release|Any CPU.ActiveCfg = Release|Any CPU
		{340FC4C6-E728-4A09-9FEE-A8CAF137367D}.Release|Any CPU.Build.0 = Release|Any CPU
		{9B9992B2-AB61-4FAF-AEC6-FFF4F4E52147}.Debug|Any CPU.ActiveCfg = Debug|Any CPU
		{9B9992B2-AB61-4FAF-AEC6-FFF4F4E52147}.Debug|Any CPU.Build.0 = Debug|Any CPU
		{9B9992B2-AB61-4FAF-AEC6-FFF4F4E52147}.Release|Any CPU.ActiveCfg = Release|Any CPU
		{9B9992B2-AB61-4FAF-AEC6-FFF4F4E52147}.Release|Any CPU.Build.0 = Release|Any CPU
		{C81A9934-94EF-4132-9146-A2DFB620B31C}.Debug|Any CPU.ActiveCfg = Debug|Any CPU
		{C81A9934-94EF-4132-9146-A2DFB620B31C}.Debug|Any CPU.Build.0 = Debug|Any CPU
		{C81A9934-94EF-4132-9146-A2DFB620B31C}.Release|Any CPU.ActiveCfg = Release|Any CPU
		{C81A9934-94EF-4132-9146-A2DFB620B31C}.Release|Any CPU.Build.0 = Release|Any CPU
	EndGlobalSection
	GlobalSection(SolutionProperties) = preSolution
		HideSolutionNode = FALSE
	EndGlobalSection
	GlobalSection(ExtensibilityGlobals) = postSolution
		SolutionGuid = {474562D4-7EB1-498F-95F5-C13294D06373}
	EndGlobalSection
EndGlobal
